
Microsoft Visual Studio Solution File, Format Version 12.00
# Visual Studio Version 16
VisualStudioVersion = 16.0.30114.105
MinimumVisualStudioVersion = 10.0.40219.1
Project("{FAE04EC0-301F-11D3-BF4B-00C04F79EFBC}") = "Api", "Api\Api.csproj", "{04D07AEC-BB66-461A-A9E5-3F8731E22EFC}"
EndProject
Project("{FAE04EC0-301F-11D3-BF4B-00C04F79EFBC}") = "Core", "Core\Core.csproj", "{D64D8EEA-DD27-4514-8A5A-0BBF96D838DA}"
EndProject
Project("{FAE04EC0-301F-11D3-BF4B-00C04F79EFBC}") = "Infrastructure", "Infrastructure\Infrastructure.csproj", "{FFCFF5D6-8D10-4740-8920-78A075329EA6}"
EndProject
Global
	GlobalSection(SolutionConfigurationPlatforms) = preSolution
		Debug|Any CPU = Debug|Any CPU
		Release|Any CPU = Release|Any CPU
	EndGlobalSection
	GlobalSection(SolutionProperties) = preSolution
		HideSolutionNode = FALSE
	EndGlobalSection
	GlobalSection(ProjectConfigurationPlatforms) = postSolution
		{04D07AEC-BB66-461A-A9E5-3F8731E22EFC}.Debug|Any CPU.ActiveCfg = Debug|Any CPU
		{04D07AEC-BB66-461A-A9E5-3F8731E22EFC}.Debug|Any CPU.Build.0 = Debug|Any CPU
		{04D07AEC-BB66-461A-A9E5-3F8731E22EFC}.Release|Any CPU.ActiveCfg = Release|Any CPU
		{04D07AEC-BB66-461A-A9E5-3F8731E22EFC}.Release|Any CPU.Build.0 = Release|Any CPU
		{D64D8EEA-DD27-4514-8A5A-0BBF96D838DA}.Debug|Any CPU.ActiveCfg = Debug|Any CPU
		{D64D8EEA-DD27-4514-8A5A-0BBF96D838DA}.Debug|Any CPU.Build.0 = Debug|Any CPU
		{D64D8EEA-DD27-4514-8A5A-0BBF96D838DA}.Release|Any CPU.ActiveCfg = Release|Any CPU
		{D64D8EEA-DD27-4514-8A5A-0BBF96D838DA}.Release|Any CPU.Build.0 = Release|Any CPU
		{FFCFF5D6-8D10-4740-8920-78A075329EA6}.Debug|Any CPU.ActiveCfg = Debug|Any CPU
		{FFCFF5D6-8D10-4740-8920-78A075329EA6}.Debug|Any CPU.Build.0 = Debug|Any CPU
		{FFCFF5D6-8D10-4740-8920-78A075329EA6}.Release|Any CPU.ActiveCfg = Release|Any CPU
		{FFCFF5D6-8D10-4740-8920-78A075329EA6}.Release|Any CPU.Build.0 = Release|Any CPU
	EndGlobalSection
EndGlobal
